Microsoft Visual Studio Solution File, Format Version 11.00
# Visual Studio 2008

Project("{92A11BE6-B836-C1E9-AFE2-7CB409F9D1C4}") = "TestAssets", "Assembly-CSharp-firstpass.csproj", "{DF7A94C3-8AF8-990D-2AA9-19B0BD6DEF99}"
EndProject
Project("{92A11BE6-B836-C1E9-AFE2-7CB409F9D1C4}") = "TestAssets", "Assembly-CSharp.csproj", "{C40CC18C-8D35-3477-4654-5EF66B0EE88D}"
EndProject
Project("{92A11BE6-B836-C1E9-AFE2-7CB409F9D1C4}") = "TestAssets", "Assembly-CSharp-Editor.csproj", "{1C0A8667-8F7F-FE14-196A-0B0F9EDA1671}"
EndProject
Global
	GlobalSection(SolutionConfigurationPlatforms) = preSolution
		Debug|Any CPU = Debug|Any CPU
		Release|Any CPU = Release|Any CPU
	EndGlobalSection
	GlobalSection(ProjectConfigurationPlatforms) = postSolution
		{DF7A94C3-8AF8-990D-2AA9-19B0BD6DEF99}.Debug|Any CPU.ActiveCfg = Debug|Any CPU
		{DF7A94C3-8AF8-990D-2AA9-19B0BD6DEF99}.Debug|Any CPU.Build.0 = Debug|Any CPU
		{DF7A94C3-8AF8-990D-2AA9-19B0BD6DEF99}.Release|Any CPU.ActiveCfg = Release|Any CPU
		{DF7A94C3-8AF8-990D-2AA9-19B0BD6DEF99}.Release|Any CPU.Build.0 = Release|Any CPU
		{C40CC18C-8D35-3477-4654-5EF66B0EE88D}.Debug|Any CPU.ActiveCfg = Debug|Any CPU
		{C40CC18C-8D35-3477-4654-5EF66B0EE88D}.Debug|Any CPU.Build.0 = Debug|Any CPU
		{C40CC18C-8D35-3477-4654-5EF66B0EE88D}.Release|Any CPU.ActiveCfg = Release|Any CPU
		{C40CC18C-8D35-3477-4654-5EF66B0EE88D}.Release|Any CPU.Build.0 = Release|Any CPU
		{1C0A8667-8F7F-FE14-196A-0B0F9EDA1671}.Debug|Any CPU.ActiveCfg = Debug|Any CPU
		{1C0A8667-8F7F-FE14-196A-0B0F9EDA1671}.Debug|Any CPU.Build.0 = Debug|Any CPU
		{1C0A8667-8F7F-FE14-196A-0B0F9EDA1671}.Release|Any CPU.ActiveCfg = Release|Any CPU
		{1C0A8667-8F7F-FE14-196A-0B0F9EDA1671}.Release|Any CPU.Build.0 = Release|Any CPU
	EndGlobalSection
	GlobalSection(SolutionProperties) = preSolution
		HideSolutionNode = FALSE
	EndGlobalSection
	GlobalSection(MonoDevelopProperties) = preSolution
		StartupItem = Assembly-CSharp.csproj
	EndGlobalSection
EndGlobal
